
Microsoft Visual Studio Solution File, Format Version 11.00
# Visual Studio 2010
Project("{FAE04EC0-301F-11D3-BF4B-00C04F79EFBC}") = "班級學生電子報表", "班級學生電子報表.csproj", "{ED86D312-683D-4401-AE53-A9CDE001D6E7}"
EndProject
Global
	GlobalSection(TeamFoundationVersionControl) = preSolution
		SccNumberOfProjects = 2
		SccEnterpriseProvider = {4CA58AB2-18FA-4F8D-95D4-32DDF27D184C}
		SccTeamFoundationServer = http://tfserver.ischool.com.tw:8080/tfs/tfs2008
		SccLocalPath0 = .
		SccProjectUniqueName1 = 班級學生電子報表.csproj
		SccLocalPath1 = .
	EndGlobalSection
	GlobalSection(SolutionConfigurationPlatforms) = preSolution
		Debug|Any CPU = Debug|Any CPU
		Release|Any CPU = Release|Any CPU
	EndGlobalSection
	GlobalSection(ProjectConfigurationPlatforms) = postSolution
		{ED86D312-683D-4401-AE53-A9CDE001D6E7}.Debug|Any CPU.ActiveCfg = Debug|Any CPU
		{ED86D312-683D-4401-AE53-A9CDE001D6E7}.Debug|Any CPU.Build.0 = Debug|Any CPU
		{ED86D312-683D-4401-AE53-A9CDE001D6E7}.Release|Any CPU.ActiveCfg = Release|Any CPU
		{ED86D312-683D-4401-AE53-A9CDE001D6E7}.Release|Any CPU.Build.0 = Release|Any CPU
	EndGlobalSection
	GlobalSection(SolutionProperties) = preSolution
		HideSolutionNode = FALSE
	EndGlobalSection
EndGlobal
