
Microsoft Visual Studio Solution File, Format Version 11.00
# Visual Studio 2010
Project("{FAE04EC0-301F-11D3-BF4B-00C04F79EFBC}") = "定期評量成績單", "定期評量成績單.csproj", "{B6785FC1-7AFB-4BA1-B667-02BA6C36753B}"
EndProject
Global
	GlobalSection(SolutionConfigurationPlatforms) = preSolution
		Debug|Any CPU = Debug|Any CPU
		Release|Any CPU = Release|Any CPU
	EndGlobalSection
	GlobalSection(ProjectConfigurationPlatforms) = postSolution
		{B6785FC1-7AFB-4BA1-B667-02BA6C36753B}.Debug|Any CPU.ActiveCfg = Debug|Any CPU
		{B6785FC1-7AFB-4BA1-B667-02BA6C36753B}.Debug|Any CPU.Build.0 = Debug|Any CPU
		{B6785FC1-7AFB-4BA1-B667-02BA6C36753B}.Release|Any CPU.ActiveCfg = Release|Any CPU
		{B6785FC1-7AFB-4BA1-B667-02BA6C36753B}.Release|Any CPU.Build.0 = Release|Any CPU
	EndGlobalSection
	GlobalSection(SolutionProperties) = preSolution
		HideSolutionNode = FALSE
	EndGlobalSection
EndGlobal
